
Microsoft Visual Studio Solution File, Format Version 12.00
# Visual Studio 14
VisualStudioVersion = 14.0.25420.1
MinimumVisualStudioVersion = 10.0.40219.1
Project("{FAE04EC0-301F-11D3-BF4B-00C04F79EFBC}") = "DACK_HQTCSDL", "DACK_HQTCSDL\DACK_HQTCSDL.csproj", "{911FD158-20DC-42AB-8C86-2F70EA70961D}"
EndProject
Project("{FAE04EC0-301F-11D3-BF4B-00C04F79EFBC}") = "DAO", "DAO\DAO.csproj", "{B2EAC500-4B73-4BE9-BD27-B6D1173C4C77}"
EndProject
Project("{FAE04EC0-301F-11D3-BF4B-00C04F79EFBC}") = "DAOTests", "DAOTests\DAOTests.csproj", "{1866B449-C639-4777-B63D-D92CC3AA99D4}"
EndProject
Project("{FAE04EC0-301F-11D3-BF4B-00C04F79EFBC}") = "BUS", "BUS\BUS.csproj", "{11A53F23-761D-44CB-81CA-73B2A9A39EFB}"
EndProject
Global
	GlobalSection(SolutionConfigurationPlatforms) = preSolution
		Debug|Any CPU = Debug|Any CPU
		Release|Any CPU = Release|Any CPU
	EndGlobalSection
	GlobalSection(ProjectConfigurationPlatforms) = postSolution
		{911FD158-20DC-42AB-8C86-2F70EA70961D}.Debug|Any CPU.ActiveCfg = Debug|Any CPU
		{911FD158-20DC-42AB-8C86-2F70EA70961D}.Debug|Any CPU.Build.0 = Debug|Any CPU
		{911FD158-20DC-42AB-8C86-2F70EA70961D}.Release|Any CPU.ActiveCfg = Release|Any CPU
		{911FD158-20DC-42AB-8C86-2F70EA70961D}.Release|Any CPU.Build.0 = Release|Any CPU
		{B2EAC500-4B73-4BE9-BD27-B6D1173C4C77}.Debug|Any CPU.ActiveCfg = Debug|Any CPU
		{B2EAC500-4B73-4BE9-BD27-B6D1173C4C77}.Debug|Any CPU.Build.0 = Debug|Any CPU
		{B2EAC500-4B73-4BE9-BD27-B6D1173C4C77}.Release|Any CPU.ActiveCfg = Release|Any CPU
		{B2EAC500-4B73-4BE9-BD27-B6D1173C4C77}.Release|Any CPU.Build.0 = Release|Any CPU
		{1866B449-C639-4777-B63D-D92CC3AA99D4}.Debug|Any CPU.ActiveCfg = Debug|Any CPU
		{1866B449-C639-4777-B63D-D92CC3AA99D4}.Debug|Any CPU.Build.0 = Debug|Any CPU
		{1866B449-C639-4777-B63D-D92CC3AA99D4}.Release|Any CPU.ActiveCfg = Release|Any CPU
		{1866B449-C639-4777-B63D-D92CC3AA99D4}.Release|Any CPU.Build.0 = Release|Any CPU
		{11A53F23-761D-44CB-81CA-73B2A9A39EFB}.Debug|Any CPU.ActiveCfg = Debug|Any CPU
		{11A53F23-761D-44CB-81CA-73B2A9A39EFB}.Debug|Any CPU.Build.0 = Debug|Any CPU
		{11A53F23-761D-44CB-81CA-73B2A9A39EFB}.Release|Any CPU.ActiveCfg = Release|Any CPU
		{11A53F23-761D-44CB-81CA-73B2A9A39EFB}.Release|Any CPU.Build.0 = Release|Any CPU
	EndGlobalSection
	GlobalSection(SolutionProperties) = preSolution
		HideSolutionNode = FALSE
	EndGlobalSection
EndGlobal
